
Microsoft Visual Studio Solution File, Format Version 12.00
# Visual Studio Version 17
VisualStudioVersion = 17.3.32804.467
MinimumVisualStudioVersion = 10.0.40219.1
Project("{FAE04EC0-301F-11D3-BF4B-00C04F79EFBC}") = "TextRPG_02", "TextRPG_02.csproj", "{A7949C6C-5A70-4881-B3B9-40D6C7B8C48C}"
EndProject
Global
	GlobalSection(SolutionConfigurationPlatforms) = preSolution
		Debug|Any CPU = Debug|Any CPU
		Release|Any CPU = Release|Any CPU
	EndGlobalSection
	GlobalSection(ProjectConfigurationPlatforms) = postSolution
		{A7949C6C-5A70-4881-B3B9-40D6C7B8C48C}.Debug|Any CPU.ActiveCfg = Debug|Any CPU
		{A7949C6C-5A70-4881-B3B9-40D6C7B8C48C}.Debug|Any CPU.Build.0 = Debug|Any CPU
		{A7949C6C-5A70-4881-B3B9-40D6C7B8C48C}.Release|Any CPU.ActiveCfg = Release|Any CPU
		{A7949C6C-5A70-4881-B3B9-40D6C7B8C48C}.Release|Any CPU.Build.0 = Release|Any CPU
	EndGlobalSection
	GlobalSection(SolutionProperties) = preSolution
		HideSolutionNode = FALSE
	EndGlobalSection
	GlobalSection(ExtensibilityGlobals) = postSolution
		SolutionGuid = {26EAFEAB-3B49-4161-B841-2F7D6136FCC7}
	EndGlobalSection
EndGlobal
